
Microsoft Visual Studio Solution File, Format Version 12.00
# Visual Studio Version 17
VisualStudioVersion = 17.14.36414.22 d17.14
MinimumVisualStudioVersion = 10.0.40219.1
Project("{FAE04EC0-301F-11D3-BF4B-00C04F79EFBC}") = "Model", "Model.csproj", "{A37FEFAD-80D7-43BB-B67A-7A4E64E00711}"
EndProject
Global
	GlobalSection(SolutionConfigurationPlatforms) = preSolution
		Debug|Any CPU = Debug|Any CPU
		Release|Any CPU = Release|Any CPU
	EndGlobalSection
	GlobalSection(ProjectConfigurationPlatforms) = postSolution
		{A37FEFAD-80D7-43BB-B67A-7A4E64E00711}.Debug|Any CPU.ActiveCfg = Debug|Any CPU
		{A37FEFAD-80D7-43BB-B67A-7A4E64E00711}.Debug|Any CPU.Build.0 = Debug|Any CPU
		{A37FEFAD-80D7-43BB-B67A-7A4E64E00711}.Release|Any CPU.ActiveCfg = Release|Any CPU
		{A37FEFAD-80D7-43BB-B67A-7A4E64E00711}.Release|Any CPU.Build.0 = Release|Any CPU
	EndGlobalSection
	GlobalSection(SolutionProperties) = preSolution
		HideSolutionNode = FALSE
	EndGlobalSection
	GlobalSection(ExtensibilityGlobals) = postSolution
		SolutionGuid = {2AF8CF81-703D-4EC4-866E-B62E8DB42A3F}
	EndGlobalSection
EndGlobal
